
Microsoft Visual Studio Solution File, Format Version 12.00
# Visual Studio Version 16
VisualStudioVersion = 16.0.30907.101
MinimumVisualStudioVersion = 10.0.40219.1
Project("{8BC9CEB8-8B4A-11D0-8D11-00A0C91BC942}") = "Common", "Common\Common.vcxproj", "{3488D950-AF42-4B14-8414-3F9899B33D08}"
EndProject
Project("{8BC9CEB8-8B4A-11D0-8D11-00A0C91BC942}") = "Application00", "Application00\Application00.vcxproj", "{2D952717-3BC7-4F80-B66D-6239A62E140F}"
EndProject
Project("{2150E333-8FDC-42A3-9474-1A3956D46DE8}") = "notes", "notes", "{E5933B47-5209-4485-8787-25C2389C5E5F}"
	ProjectSection(SolutionItems) = preProject
		notes\notes.txt = notes\notes.txt
	EndProjectSection
EndProject
Project("{2150E333-8FDC-42A3-9474-1A3956D46DE8}") = "Solution Items", "Solution Items", "{3E632E09-36A9-4D11-ABDD-6C628C632CE6}"
	ProjectSection(SolutionItems) = preProject
		.gitignore = .gitignore
		LICENSE = LICENSE
		README.md = README.md
	EndProjectSection
EndProject
Global
	GlobalSection(SolutionConfigurationPlatforms) = preSolution
		Debug|Gaming.Desktop.x64 = Debug|Gaming.Desktop.x64
		Profile|Gaming.Desktop.x64 = Profile|Gaming.Desktop.x64
		Release|Gaming.Desktop.x64 = Release|Gaming.Desktop.x64
	EndGlobalSection
	GlobalSection(ProjectConfigurationPlatforms) = postSolution
		{3488D950-AF42-4B14-8414-3F9899B33D08}.Debug|Gaming.Desktop.x64.ActiveCfg = Debug|Gaming.Desktop.x64
		{3488D950-AF42-4B14-8414-3F9899B33D08}.Debug|Gaming.Desktop.x64.Build.0 = Debug|Gaming.Desktop.x64
		{3488D950-AF42-4B14-8414-3F9899B33D08}.Profile|Gaming.Desktop.x64.ActiveCfg = Profile|Gaming.Desktop.x64
		{3488D950-AF42-4B14-8414-3F9899B33D08}.Profile|Gaming.Desktop.x64.Build.0 = Profile|Gaming.Desktop.x64
		{3488D950-AF42-4B14-8414-3F9899B33D08}.Release|Gaming.Desktop.x64.ActiveCfg = Release|Gaming.Desktop.x64
		{3488D950-AF42-4B14-8414-3F9899B33D08}.Release|Gaming.Desktop.x64.Build.0 = Release|Gaming.Desktop.x64
		{2D952717-3BC7-4F80-B66D-6239A62E140F}.Debug|Gaming.Desktop.x64.ActiveCfg = Debug|Gaming.Desktop.x64
		{2D952717-3BC7-4F80-B66D-6239A62E140F}.Debug|Gaming.Desktop.x64.Build.0 = Debug|Gaming.Desktop.x64
		{2D952717-3BC7-4F80-B66D-6239A62E140F}.Debug|Gaming.Desktop.x64.Deploy.0 = Debug|Gaming.Desktop.x64
		{2D952717-3BC7-4F80-B66D-6239A62E140F}.Profile|Gaming.Desktop.x64.ActiveCfg = Profile|Gaming.Desktop.x64
		{2D952717-3BC7-4F80-B66D-6239A62E140F}.Profile|Gaming.Desktop.x64.Build.0 = Profile|Gaming.Desktop.x64
		{2D952717-3BC7-4F80-B66D-6239A62E140F}.Profile|Gaming.Desktop.x64.Deploy.0 = Profile|Gaming.Desktop.x64
		{2D952717-3BC7-4F80-B66D-6239A62E140F}.Release|Gaming.Desktop.x64.ActiveCfg = Release|Gaming.Desktop.x64
		{2D952717-3BC7-4F80-B66D-6239A62E140F}.Release|Gaming.Desktop.x64.Build.0 = Release|Gaming.Desktop.x64
		{2D952717-3BC7-4F80-B66D-6239A62E140F}.Release|Gaming.Desktop.x64.Deploy.0 = Release|Gaming.Desktop.x64
	EndGlobalSection
	GlobalSection(SolutionProperties) = preSolution
		HideSolutionNode = FALSE
	EndGlobalSection
	GlobalSection(ExtensibilityGlobals) = postSolution
		SolutionGuid = {01849243-7DF1-40D0-80A9-36CDCC951EE5}
	EndGlobalSection
EndGlobal
