
Microsoft Visual Studio Solution File, Format Version 12.00
# Visual Studio Version 16
VisualStudioVersion = 16.0.30907.101
MinimumVisualStudioVersion = 10.0.40219.1
Project("{2150E333-8FDC-42A3-9474-1A3956D46DE8}") = "notes", "notes", "{E5933B47-5209-4485-8787-25C2389C5E5F}"
	ProjectSection(SolutionItems) = preProject
		notes\isekai.txt = notes\isekai.txt
		notes\javascript.txt = notes\javascript.txt
		notes\notes.txt = notes\notes.txt
	EndProjectSection
EndProject
Project("{2150E333-8FDC-42A3-9474-1A3956D46DE8}") = "Solution Items", "Solution Items", "{3E632E09-36A9-4D11-ABDD-6C628C632CE6}"
	ProjectSection(SolutionItems) = preProject
		.gitignore = .gitignore
		CmdHere.cmd = CmdHere.cmd
		Commit.cmd = Commit.cmd
		LICENSE = LICENSE
		README.md = README.md
		Solution.cmd = Solution.cmd
		TestThenCommit.cmd = TestThenCommit.cmd
	EndProjectSection
EndProject
Project("{8BC9CEB8-8B4A-11D0-8D11-00A0C91BC942}") = "Application01", "Application01\Application01.vcxproj", "{470231F0-9E07-40D4-BAD1-A45EB0710811}"
	ProjectSection(ProjectDependencies) = postProject
		{3DE01963-E730-4A3F-9D8A-76DC5A1F1683} = {3DE01963-E730-4A3F-9D8A-76DC5A1F1683}
	EndProjectSection
EndProject
Project("{8BC9CEB8-8B4A-11D0-8D11-00A0C91BC942}") = "Common01", "Common01\Common01.vcxproj", "{3DE01963-E730-4A3F-9D8A-76DC5A1F1683}"
EndProject
Project("{8BC9CEB8-8B4A-11D0-8D11-00A0C91BC942}") = "UnitTest01", "UnitTest01\UnitTest01.vcxproj", "{2E118F75-62EA-4501-A5D5-BB2C991ED1E0}"
	ProjectSection(ProjectDependencies) = postProject
		{3DE01963-E730-4A3F-9D8A-76DC5A1F1683} = {3DE01963-E730-4A3F-9D8A-76DC5A1F1683}
	EndProjectSection
EndProject
Project("{9A19103F-16F7-4668-BE54-9A1E7A4F7556}") = "Automatron02", "Automatron02\Automatron02.csproj", "{A787ABEC-4279-4580-836E-6A64D591685D}"
EndProject
Project("{2150E333-8FDC-42A3-9474-1A3956D46DE8}") = "prototype", "prototype", "{F30D2D26-3C12-45FA-BB18-00599EE2BA66}"
EndProject
Project("{2150E333-8FDC-42A3-9474-1A3956D46DE8}") = "erfworld00", "erfworld00", "{C1B9788D-1844-4FE2-91C5-0A4567D5221E}"
	ProjectSection(SolutionItems) = preProject
		prototype\erfworld00\index.htm = prototype\erfworld00\index.htm
		prototype\erfworld00\notes.txt = prototype\erfworld00\notes.txt
		prototype\erfworld00\todo.txt = prototype\erfworld00\todo.txt
	EndProjectSection
EndProject
Project("{2150E333-8FDC-42A3-9474-1A3956D46DE8}") = "css", "css", "{AB504D5A-3CB9-41A3-9CAD-45EB229173C0}"
	ProjectSection(SolutionItems) = preProject
		prototype\erfworld00\css\barebones.css = prototype\erfworld00\css\barebones.css
		prototype\erfworld00\css\normalize.css = prototype\erfworld00\css\normalize.css
	EndProjectSection
EndProject
Project("{2150E333-8FDC-42A3-9474-1A3956D46DE8}") = "js", "js", "{C9DAC3BF-96FD-4094-BE2A-0459F1750D5B}"
	ProjectSection(SolutionItems) = preProject
		prototype\erfworld00\js\app.js = prototype\erfworld00\js\app.js
		prototype\erfworld00\js\full_screen_toggle.js = prototype\erfworld00\js\full_screen_toggle.js
	EndProjectSection
EndProject
Project("{2150E333-8FDC-42A3-9474-1A3956D46DE8}") = "network", "network", "{F1C5EB28-E9B2-4535-BD19-61934263B117}"
EndProject
Project("{2150E333-8FDC-42A3-9474-1A3956D46DE8}") = "server", "server", "{2B870DEA-A150-40FE-B89E-E97B0C06B049}"
EndProject
Project("{2150E333-8FDC-42A3-9474-1A3956D46DE8}") = "view", "view", "{0602D94A-F68F-4B9D-ADF2-B767329F2989}"
	ProjectSection(SolutionItems) = preProject
		prototype\erfworld00\js\view\view.js = prototype\erfworld00\js\view\view.js
	EndProjectSection
EndProject
Project("{2150E333-8FDC-42A3-9474-1A3956D46DE8}") = "client", "client", "{615BDA11-3744-4B28-8A2E-23869F1DBD59}"
	ProjectSection(SolutionItems) = preProject
		prototype\erfworld00\js\client\client.js = prototype\erfworld00\js\client\client.js
	EndProjectSection
EndProject
Project("{2150E333-8FDC-42A3-9474-1A3956D46DE8}") = "database", "database", "{07374206-5915-4538-A47C-3D54D436B5B0}"
EndProject
Project("{2150E333-8FDC-42A3-9474-1A3956D46DE8}") = "template", "template", "{5F6E9CDC-14EA-46EA-9A88-DF31D2120257}"
EndProject
Project("{2150E333-8FDC-42A3-9474-1A3956D46DE8}") = "dialog", "dialog", "{C063568B-8AE2-47A0-8449-1625840E0279}"
	ProjectSection(SolutionItems) = preProject
		prototype\erfworld00\js\view\template\dialog\general.js = prototype\erfworld00\js\view\template\dialog\general.js
	EndProjectSection
EndProject
Project("{2150E333-8FDC-42A3-9474-1A3956D46DE8}") = "overlay", "overlay", "{F31022EA-4E6F-400B-865F-7D52E365303E}"
	ProjectSection(SolutionItems) = preProject
		prototype\erfworld00\js\view\template\overlay\console.js = prototype\erfworld00\js\view\template\overlay\console.js
		prototype\erfworld00\js\view\template\overlay\version.js = prototype\erfworld00\js\view\template\overlay\version.js
		prototype\erfworld00\js\view\template\overlay\waiting.js = prototype\erfworld00\js\view\template\overlay\waiting.js
	EndProjectSection
EndProject
Project("{2150E333-8FDC-42A3-9474-1A3956D46DE8}") = "screen", "screen", "{545DBC9C-5782-454A-A4BD-29F9D602766D}"
	ProjectSection(SolutionItems) = preProject
		prototype\erfworld00\js\view\template\screen\loading.js = prototype\erfworld00\js\view\template\screen\loading.js
		prototype\erfworld00\js\view\template\screen\progress.js = prototype\erfworld00\js\view\template\screen\progress.js
		prototype\erfworld00\js\view\template\screen\vertical_button_stack.js = prototype\erfworld00\js\view\template\screen\vertical_button_stack.js
	EndProjectSection
EndProject
Project("{2150E333-8FDC-42A3-9474-1A3956D46DE8}") = "mock", "mock", "{7475F16E-AF0F-4419-A31D-D68CC798DA3C}"
	ProjectSection(SolutionItems) = preProject
		prototype\erfworld00\js\database\mock\data.js = prototype\erfworld00\js\database\mock\data.js
		prototype\erfworld00\js\database\mock\database.js = prototype\erfworld00\js\database\mock\database.js
		prototype\erfworld00\js\database\mock\unittest.js = prototype\erfworld00\js\database\mock\unittest.js
	EndProjectSection
EndProject
Project("{2150E333-8FDC-42A3-9474-1A3956D46DE8}") = "mock", "mock", "{8C7ACEE6-E59B-40FE-A65B-85AF8ECE5212}"
	ProjectSection(SolutionItems) = preProject
		prototype\erfworld00\js\network\mock\network.js = prototype\erfworld00\js\network\mock\network.js
	EndProjectSection
EndProject
Project("{2150E333-8FDC-42A3-9474-1A3956D46DE8}") = "state", "state", "{CBE27294-8C56-4870-985A-CFA2A2FAA95A}"
	ProjectSection(SolutionItems) = preProject
		prototype\erfworld00\js\client\state\boot.js = prototype\erfworld00\js\client\state\boot.js
		prototype\erfworld00\js\client\state\launch.js = prototype\erfworld00\js\client\state\launch.js
		prototype\erfworld00\js\client\state\new_game.js = prototype\erfworld00\js\client\state\new_game.js
	EndProjectSection
EndProject
Project("{2150E333-8FDC-42A3-9474-1A3956D46DE8}") = "mock", "mock", "{6F0AD655-3327-4BC4-BDFA-4736C211FFD4}"
	ProjectSection(SolutionItems) = preProject
		prototype\erfworld00\js\server\mock\server.js = prototype\erfworld00\js\server\mock\server.js
		prototype\erfworld00\js\server\mock\unittest.js = prototype\erfworld00\js\server\mock\unittest.js
	EndProjectSection
EndProject
Project("{2150E333-8FDC-42A3-9474-1A3956D46DE8}") = "route", "route", "{7B944584-18FB-4D92-B4BE-7794C3D542CB}"
	ProjectSection(SolutionItems) = preProject
		prototype\erfworld00\js\server\mock\route\api.js = prototype\erfworld00\js\server\mock\route\api.js
	EndProjectSection
EndProject
Project("{2150E333-8FDC-42A3-9474-1A3956D46DE8}") = "middleware", "middleware", "{263260A3-4349-40BB-8A28-924F2C8F0483}"
	ProjectSection(SolutionItems) = preProject
		prototype\erfworld00\js\server\mock\middleware\authorize_user_session.js = prototype\erfworld00\js\server\mock\middleware\authorize_user_session.js
		prototype\erfworld00\js\server\mock\middleware\deal_url.js = prototype\erfworld00\js\server\mock\middleware\deal_url.js
		prototype\erfworld00\js\server\mock\middleware\not_found.js = prototype\erfworld00\js\server\mock\middleware\not_found.js
		prototype\erfworld00\js\server\mock\middleware\route.js = prototype\erfworld00\js\server\mock\middleware\route.js
	EndProjectSection
EndProject
Project("{2150E333-8FDC-42A3-9474-1A3956D46DE8}") = "api", "api", "{E6361869-880D-4D47-B67D-1378D0B91C83}"
	ProjectSection(SolutionItems) = preProject
		prototype\erfworld00\js\server\mock\route\api\v0.js = prototype\erfworld00\js\server\mock\route\api\v0.js
	EndProjectSection
EndProject
Project("{2150E333-8FDC-42A3-9474-1A3956D46DE8}") = "v0", "v0", "{4389B175-23FC-4F93-9AE2-33276CE453ED}"
	ProjectSection(SolutionItems) = preProject
		prototype\erfworld00\js\server\mock\route\api\v0\actions.js = prototype\erfworld00\js\server\mock\route\api\v0\actions.js
		prototype\erfworld00\js\server\mock\route\api\v0\games.js = prototype\erfworld00\js\server\mock\route\api\v0\games.js
		prototype\erfworld00\js\server\mock\route\api\v0\sessions.js = prototype\erfworld00\js\server\mock\route\api\v0\sessions.js
		prototype\erfworld00\js\server\mock\route\api\v0\users.js = prototype\erfworld00\js\server\mock\route\api\v0\users.js
	EndProjectSection
EndProject
Project("{2150E333-8FDC-42A3-9474-1A3956D46DE8}") = "actions", "actions", "{9DA9DBDE-0599-433A-AC7A-667A36E1DE6E}"
	ProjectSection(SolutionItems) = preProject
		prototype\erfworld00\js\server\mock\route\api\v0\actions\end-turn.js = prototype\erfworld00\js\server\mock\route\api\v0\actions\end-turn.js
		prototype\erfworld00\js\server\mock\route\api\v0\actions\pregame-finish.js = prototype\erfworld00\js\server\mock\route\api\v0\actions\pregame-finish.js
		prototype\erfworld00\js\server\mock\route\api\v0\actions\pregame-reroll.js = prototype\erfworld00\js\server\mock\route\api\v0\actions\pregame-reroll.js
		prototype\erfworld00\js\server\mock\route\api\v0\actions\promote-guest.js = prototype\erfworld00\js\server\mock\route\api\v0\actions\promote-guest.js
	EndProjectSection
EndProject
Global
	GlobalSection(SolutionConfigurationPlatforms) = preSolution
		Debug|Gaming.Desktop.x64 = Debug|Gaming.Desktop.x64
		Profile|Gaming.Desktop.x64 = Profile|Gaming.Desktop.x64
		Release|Gaming.Desktop.x64 = Release|Gaming.Desktop.x64
	EndGlobalSection
	GlobalSection(ProjectConfigurationPlatforms) = postSolution
		{470231F0-9E07-40D4-BAD1-A45EB0710811}.Debug|Gaming.Desktop.x64.ActiveCfg = Debug|Gaming.Desktop.x64
		{470231F0-9E07-40D4-BAD1-A45EB0710811}.Debug|Gaming.Desktop.x64.Build.0 = Debug|Gaming.Desktop.x64
		{470231F0-9E07-40D4-BAD1-A45EB0710811}.Debug|Gaming.Desktop.x64.Deploy.0 = Debug|Gaming.Desktop.x64
		{470231F0-9E07-40D4-BAD1-A45EB0710811}.Profile|Gaming.Desktop.x64.ActiveCfg = Profile|Gaming.Desktop.x64
		{470231F0-9E07-40D4-BAD1-A45EB0710811}.Profile|Gaming.Desktop.x64.Build.0 = Profile|Gaming.Desktop.x64
		{470231F0-9E07-40D4-BAD1-A45EB0710811}.Profile|Gaming.Desktop.x64.Deploy.0 = Profile|Gaming.Desktop.x64
		{470231F0-9E07-40D4-BAD1-A45EB0710811}.Release|Gaming.Desktop.x64.ActiveCfg = Release|Gaming.Desktop.x64
		{470231F0-9E07-40D4-BAD1-A45EB0710811}.Release|Gaming.Desktop.x64.Build.0 = Release|Gaming.Desktop.x64
		{470231F0-9E07-40D4-BAD1-A45EB0710811}.Release|Gaming.Desktop.x64.Deploy.0 = Release|Gaming.Desktop.x64
		{3DE01963-E730-4A3F-9D8A-76DC5A1F1683}.Debug|Gaming.Desktop.x64.ActiveCfg = Debug|Gaming.Desktop.x64
		{3DE01963-E730-4A3F-9D8A-76DC5A1F1683}.Debug|Gaming.Desktop.x64.Build.0 = Debug|Gaming.Desktop.x64
		{3DE01963-E730-4A3F-9D8A-76DC5A1F1683}.Profile|Gaming.Desktop.x64.ActiveCfg = Profile|Gaming.Desktop.x64
		{3DE01963-E730-4A3F-9D8A-76DC5A1F1683}.Profile|Gaming.Desktop.x64.Build.0 = Profile|Gaming.Desktop.x64
		{3DE01963-E730-4A3F-9D8A-76DC5A1F1683}.Release|Gaming.Desktop.x64.ActiveCfg = Release|Gaming.Desktop.x64
		{3DE01963-E730-4A3F-9D8A-76DC5A1F1683}.Release|Gaming.Desktop.x64.Build.0 = Release|Gaming.Desktop.x64
		{2E118F75-62EA-4501-A5D5-BB2C991ED1E0}.Debug|Gaming.Desktop.x64.ActiveCfg = Debug|x64
		{2E118F75-62EA-4501-A5D5-BB2C991ED1E0}.Debug|Gaming.Desktop.x64.Build.0 = Debug|x64
		{2E118F75-62EA-4501-A5D5-BB2C991ED1E0}.Profile|Gaming.Desktop.x64.ActiveCfg = Debug|x64
		{2E118F75-62EA-4501-A5D5-BB2C991ED1E0}.Profile|Gaming.Desktop.x64.Build.0 = Debug|x64
		{2E118F75-62EA-4501-A5D5-BB2C991ED1E0}.Release|Gaming.Desktop.x64.ActiveCfg = Release|x64
		{2E118F75-62EA-4501-A5D5-BB2C991ED1E0}.Release|Gaming.Desktop.x64.Build.0 = Release|x64
		{A787ABEC-4279-4580-836E-6A64D591685D}.Debug|Gaming.Desktop.x64.ActiveCfg = Debug|Any CPU
		{A787ABEC-4279-4580-836E-6A64D591685D}.Debug|Gaming.Desktop.x64.Build.0 = Debug|Any CPU
		{A787ABEC-4279-4580-836E-6A64D591685D}.Profile|Gaming.Desktop.x64.ActiveCfg = Debug|Any CPU
		{A787ABEC-4279-4580-836E-6A64D591685D}.Profile|Gaming.Desktop.x64.Build.0 = Debug|Any CPU
		{A787ABEC-4279-4580-836E-6A64D591685D}.Release|Gaming.Desktop.x64.ActiveCfg = Release|Any CPU
		{A787ABEC-4279-4580-836E-6A64D591685D}.Release|Gaming.Desktop.x64.Build.0 = Release|Any CPU
	EndGlobalSection
	GlobalSection(SolutionProperties) = preSolution
		HideSolutionNode = FALSE
	EndGlobalSection
	GlobalSection(NestedProjects) = preSolution
		{C1B9788D-1844-4FE2-91C5-0A4567D5221E} = {F30D2D26-3C12-45FA-BB18-00599EE2BA66}
		{AB504D5A-3CB9-41A3-9CAD-45EB229173C0} = {C1B9788D-1844-4FE2-91C5-0A4567D5221E}
		{C9DAC3BF-96FD-4094-BE2A-0459F1750D5B} = {C1B9788D-1844-4FE2-91C5-0A4567D5221E}
		{F1C5EB28-E9B2-4535-BD19-61934263B117} = {C9DAC3BF-96FD-4094-BE2A-0459F1750D5B}
		{2B870DEA-A150-40FE-B89E-E97B0C06B049} = {C9DAC3BF-96FD-4094-BE2A-0459F1750D5B}
		{0602D94A-F68F-4B9D-ADF2-B767329F2989} = {C9DAC3BF-96FD-4094-BE2A-0459F1750D5B}
		{615BDA11-3744-4B28-8A2E-23869F1DBD59} = {C9DAC3BF-96FD-4094-BE2A-0459F1750D5B}
		{07374206-5915-4538-A47C-3D54D436B5B0} = {C9DAC3BF-96FD-4094-BE2A-0459F1750D5B}
		{5F6E9CDC-14EA-46EA-9A88-DF31D2120257} = {0602D94A-F68F-4B9D-ADF2-B767329F2989}
		{C063568B-8AE2-47A0-8449-1625840E0279} = {5F6E9CDC-14EA-46EA-9A88-DF31D2120257}
		{F31022EA-4E6F-400B-865F-7D52E365303E} = {5F6E9CDC-14EA-46EA-9A88-DF31D2120257}
		{545DBC9C-5782-454A-A4BD-29F9D602766D} = {5F6E9CDC-14EA-46EA-9A88-DF31D2120257}
		{7475F16E-AF0F-4419-A31D-D68CC798DA3C} = {07374206-5915-4538-A47C-3D54D436B5B0}
		{8C7ACEE6-E59B-40FE-A65B-85AF8ECE5212} = {F1C5EB28-E9B2-4535-BD19-61934263B117}
		{CBE27294-8C56-4870-985A-CFA2A2FAA95A} = {615BDA11-3744-4B28-8A2E-23869F1DBD59}
		{6F0AD655-3327-4BC4-BDFA-4736C211FFD4} = {2B870DEA-A150-40FE-B89E-E97B0C06B049}
		{7B944584-18FB-4D92-B4BE-7794C3D542CB} = {6F0AD655-3327-4BC4-BDFA-4736C211FFD4}
		{263260A3-4349-40BB-8A28-924F2C8F0483} = {6F0AD655-3327-4BC4-BDFA-4736C211FFD4}
		{E6361869-880D-4D47-B67D-1378D0B91C83} = {7B944584-18FB-4D92-B4BE-7794C3D542CB}
		{4389B175-23FC-4F93-9AE2-33276CE453ED} = {E6361869-880D-4D47-B67D-1378D0B91C83}
		{9DA9DBDE-0599-433A-AC7A-667A36E1DE6E} = {4389B175-23FC-4F93-9AE2-33276CE453ED}
	EndGlobalSection
	GlobalSection(ExtensibilityGlobals) = postSolution
		SolutionGuid = {01849243-7DF1-40D0-80A9-36CDCC951EE5}
	EndGlobalSection
EndGlobal
