<?xml version="1.0" encoding="utf-8"?>
<Project ToolsVersion="16.0" xmlns="http://schemas.microsoft.com/developer/msbuild/2003">
  <ItemGroup>
    <Filter Include="Source">
      <UniqueIdentifier>{b384da31-24cf-4cc8-b78c-e70607b34bec}</UniqueIdentifier>
    </Filter>
    <Filter Include="Source\Common">
      <UniqueIdentifier>{68582a0b-3a86-4b27-83af-1b9cd6eaabde}</UniqueIdentifier>
    </Filter>
    <Filter Include="Source\Common\Util">
      <UniqueIdentifier>{2769eefc-0acd-4ab3-ac13-a9d61ebd851a}</UniqueIdentifier>
    </Filter>
    <Filter Include="Source\Common\Application">
      <UniqueIdentifier>{41bf7e93-1aa9-4ba3-a024-657592fd1e19}</UniqueIdentifier>
    </Filter>
    <Filter Include="Source\Common\Log">
      <UniqueIdentifier>{f176c3df-4a3b-4189-a4d8-2bcc21f831df}</UniqueIdentifier>
    </Filter>
    <Filter Include="Source\Common\FileSystem">
      <UniqueIdentifier>{7e3ea876-3e4e-4697-9b54-9ce69694fcc7}</UniqueIdentifier>
    </Filter>
    <Filter Include="Source\Common\DrawSystem">
      <UniqueIdentifier>{8126853a-72e9-4888-8fc4-365a515b2c24}</UniqueIdentifier>
    </Filter>
  </ItemGroup>
  <ItemGroup>
    <None Include="Common01.props" />
  </ItemGroup>
  <ItemGroup>
    <ClCompile Include="Source\CommonPCH.cpp">
      <Filter>Source</Filter>
    </ClCompile>
    <ClCompile Include="Source\Common\Application\WindowHelper.cpp">
      <Filter>Source\Common\Application</Filter>
    </ClCompile>
    <ClCompile Include="Source\Common\Util\Utf8.cpp">
      <Filter>Source\Common\Util</Filter>
    </ClCompile>
    <ClCompile Include="Source\Common\Application\CommandLine.cpp">
      <Filter>Source\Common\Application</Filter>
    </ClCompile>
    <ClCompile Include="Source\Common\Log\LogConsumerConsole.cpp">
      <Filter>Source\Common\Log</Filter>
    </ClCompile>
    <ClCompile Include="Source\Common\Log\LogConsumerWriteToFile.cpp">
      <Filter>Source\Common\Log</Filter>
    </ClCompile>
    <ClCompile Include="Source\Common\Log\LogScope.cpp">
      <Filter>Source\Common\Log</Filter>
    </ClCompile>
    <ClCompile Include="Source\Common\Log\Log.cpp">
      <Filter>Source\Common\Log</Filter>
    </ClCompile>
    <ClCompile Include="Source\Common\Log\ILogConsumer.cpp">
      <Filter>Source\Common\Log</Filter>
    </ClCompile>
    <ClCompile Include="Source\Common\FileSystem\ReadOverlayDir.cpp">
      <Filter>Source\Common\FileSystem</Filter>
    </ClCompile>
    <ClCompile Include="Source\Common\FileSystem\IReadOverlay.cpp">
      <Filter>Source\Common\FileSystem</Filter>
    </ClCompile>
    <ClCompile Include="Source\Common\FileSystem\FileSystem.cpp">
      <Filter>Source\Common\FileSystem</Filter>
    </ClCompile>
    <ClCompile Include="Source\Common\FileSystem\IWriteOverlay.cpp">
      <Filter>Source\Common\FileSystem</Filter>
    </ClCompile>
    <ClCompile Include="Source\Common\FileSystem\WriteOverlayDir.cpp">
      <Filter>Source\Common\FileSystem</Filter>
    </ClCompile>
    <ClCompile Include="Source\Common\FileSystem\OverlayMemory.cpp">
      <Filter>Source\Common\FileSystem</Filter>
    </ClCompile>
    <ClCompile Include="Source\Common\Application\ApplicationHolder.cpp">
      <Filter>Source\Common\Application</Filter>
    </ClCompile>
    <ClCompile Include="Source\Common\Application\IApplication.cpp">
      <Filter>Source\Common\Application</Filter>
    </ClCompile>
    <ClCompile Include="Source\Common\Application\ApplicationBasic.cpp">
      <Filter>Source\Common\Application</Filter>
    </ClCompile>
    <ClCompile Include="Source\Common\DrawSystem\DrawSystem.cpp">
      <Filter>Source\Common\DrawSystem</Filter>
    </ClCompile>
    <ClCompile Include="Source\Common\DrawSystem\DeviceResources.cpp">
      <Filter>Source\Common\DrawSystem</Filter>
    </ClCompile>
    <ClCompile Include="Source\Common\DrawSystem\DrawSystemFrame.cpp">
      <Filter>Source\Common\DrawSystem</Filter>
    </ClCompile>
    <ClCompile Include="Source\Common\DrawSystem\ScreenSizeResources.cpp">
      <Filter>Source\Common\DrawSystem</Filter>
    </ClCompile>
  </ItemGroup>
  <ItemGroup>
    <ClInclude Include="Source\CommonPCH.h">
      <Filter>Source</Filter>
    </ClInclude>
    <ClInclude Include="Source\Common.h">
      <Filter>Source</Filter>
    </ClInclude>
    <ClInclude Include="Source\Common\Application\WindowHelper.h">
      <Filter>Source\Common\Application</Filter>
    </ClInclude>
    <ClInclude Include="Source\Common\Util\Utf8.h">
      <Filter>Source\Common\Util</Filter>
    </ClInclude>
    <ClInclude Include="Source\Common\Application\CommandLine.h">
      <Filter>Source\Common\Application</Filter>
    </ClInclude>
    <ClInclude Include="Source\Common\Log\LogConsumerConsole.h">
      <Filter>Source\Common\Log</Filter>
    </ClInclude>
    <ClInclude Include="Source\Common\Log\LogConsumerWriteToFile.h">
      <Filter>Source\Common\Log</Filter>
    </ClInclude>
    <ClInclude Include="Source\Common\Log\LogScope.h">
      <Filter>Source\Common\Log</Filter>
    </ClInclude>
    <ClInclude Include="Source\Common\Log\Log.h">
      <Filter>Source\Common\Log</Filter>
    </ClInclude>
    <ClInclude Include="Source\Common\Log\ILogConsumer.h">
      <Filter>Source\Common\Log</Filter>
    </ClInclude>
    <ClInclude Include="Source\Common\FileSystem\FileSystem.h">
      <Filter>Source\Common\FileSystem</Filter>
    </ClInclude>
    <ClInclude Include="Source\Common\FileSystem\ReadOverlayDir.h">
      <Filter>Source\Common\FileSystem</Filter>
    </ClInclude>
    <ClInclude Include="Source\Common\FileSystem\IReadOverlay.h">
      <Filter>Source\Common\FileSystem</Filter>
    </ClInclude>
    <ClInclude Include="Source\Common\FileSystem\IWriteOverlay.h">
      <Filter>Source\Common\FileSystem</Filter>
    </ClInclude>
    <ClInclude Include="Source\Common\FileSystem\WriteOverlayDir.h">
      <Filter>Source\Common\FileSystem</Filter>
    </ClInclude>
    <ClInclude Include="Source\Common\FileSystem\OverlayMemory.h">
      <Filter>Source\Common\FileSystem</Filter>
    </ClInclude>
    <ClInclude Include="Source\Common\Application\ApplicationHolder.h">
      <Filter>Source\Common\Application</Filter>
    </ClInclude>
    <ClInclude Include="Source\Common\Application\IApplication.h">
      <Filter>Source\Common\Application</Filter>
    </ClInclude>
    <ClInclude Include="Source\Common\Application\ApplicationBasic.h">
      <Filter>Source\Common\Application</Filter>
    </ClInclude>
    <ClInclude Include="Source\Common\DrawSystem\DrawSystem.h">
      <Filter>Source\Common\DrawSystem</Filter>
    </ClInclude>
    <ClInclude Include="Source\Common\DrawSystem\DeviceResources.h">
      <Filter>Source\Common\DrawSystem</Filter>
    </ClInclude>
    <ClInclude Include="Source\Common\DrawSystem\d3dx12.h">
      <Filter>Source\Common\DrawSystem</Filter>
    </ClInclude>
    <ClInclude Include="Source\Common\DrawSystem\DrawSystemFrame.h">
      <Filter>Source\Common\DrawSystem</Filter>
    </ClInclude>
    <ClInclude Include="Source\Common\DrawSystem\ScreenSizeResources.h">
      <Filter>Source\Common\DrawSystem</Filter>
    </ClInclude>
  </ItemGroup>
</Project>