<?xml version="1.0" encoding="utf-8"?>
<Project ToolsVersion="16.0" xmlns="http://schemas.microsoft.com/developer/msbuild/2003">
  <ItemGroup>
    <Filter Include="Resources">
      <UniqueIdentifier>{a13cd47d-4d8a-443e-ad54-a908a3d69fc2}</UniqueIdentifier>
    </Filter>
    <Filter Include="Source">
      <UniqueIdentifier>{0413a7eb-f8ac-4ba0-b421-44a1c5255dfa}</UniqueIdentifier>
    </Filter>
    <Filter Include="Task">
      <UniqueIdentifier>{59217c21-31d8-4082-af79-37f03dd0cce1}</UniqueIdentifier>
    </Filter>
    <Filter Include="Task\Empty">
      <UniqueIdentifier>{4a289a82-6ba3-4423-b4f2-ef8b779450d7}</UniqueIdentifier>
    </Filter>
  </ItemGroup>
  <ItemGroup>
    <ClInclude Include="Source\ApplicationPCH.h">
      <Filter>Source</Filter>
    </ClInclude>
  </ItemGroup>
  <ItemGroup>
    <ClCompile Include="Source\Main.cpp">
      <Filter>Source</Filter>
    </ClCompile>
    <ClCompile Include="Source\ApplicationPCH.cpp">
      <Filter>Source</Filter>
    </ClCompile>
  </ItemGroup>
  <ItemGroup>
    <MGCCompile Include="MicrosoftGame.Config" />
  </ItemGroup>
  <ItemGroup>
    <CopyFileToFolders Include="Resources\StoreLogo.png">
      <Filter>Resources</Filter>
    </CopyFileToFolders>
    <CopyFileToFolders Include="Resources\GraphicsLogo.png" />
    <CopyFileToFolders Include="Resources\SmallLogo.png" />
    <CopyFileToFolders Include="Resources\SplashScreen.png" />
  </ItemGroup>
  <ItemGroup>
    <None Include="Application01.props" />
    <None Include="Task\Empty\Application.json">
      <Filter>Task\Empty</Filter>
    </None>
  </ItemGroup>
</Project>